
Microsoft Visual Studio Solution File, Format Version 12.00
# Visual Studio Version 17
VisualStudioVersion = 17.4.33103.184
MinimumVisualStudioVersion = 10.0.40219.1
Project("{FAE04EC0-301F-11D3-BF4B-00C04F79EFBC}") = "sampleproject01", "sampleproject01\sampleproject01.csproj", "{9F6ACB48-C516-461B-A77B-38EE48BA08F4}"
EndProject
Global
	GlobalSection(SolutionConfigurationPlatforms) = preSolution
		Debug|Any CPU = Debug|Any CPU
		Release|Any CPU = Release|Any CPU
	EndGlobalSection
	GlobalSection(ProjectConfigurationPlatforms) = postSolution
		{9F6ACB48-C516-461B-A77B-38EE48BA08F4}.Debug|Any CPU.ActiveCfg = Debug|Any CPU
		{9F6ACB48-C516-461B-A77B-38EE48BA08F4}.Debug|Any CPU.Build.0 = Debug|Any CPU
		{9F6ACB48-C516-461B-A77B-38EE48BA08F4}.Release|Any CPU.ActiveCfg = Release|Any CPU
		{9F6ACB48-C516-461B-A77B-38EE48BA08F4}.Release|Any CPU.Build.0 = Release|Any CPU
	EndGlobalSection
	GlobalSection(SolutionProperties) = preSolution
		HideSolutionNode = FALSE
	EndGlobalSection
	GlobalSection(ExtensibilityGlobals) = postSolution
		SolutionGuid = {63997125-D86D-4DFE-BAEA-6F3985DB50D2}
	EndGlobalSection
EndGlobal
